// !$*UTF8*$!
{
	archiveVersion = 1;
	classes = {
	};
	objectVersion = 46;
	objects = {

/* Begin PBXBuildFile section */
		5D1AF3EDF199DB5A9E0CBA5D /* Pods.framework in Frameworks */ = {isa = PBXBuildFile; fileRef = C2C81D055EBB8BC4F70DBDBE /* Pods.framework */; settings = {ATTRIBUTES = (Weak, ); }; };
		A00C4D231B50F3EF0037B994 /* MainViewController.swift in Sources */ = {isa = PBXBuildFile; fileRef = A00C4D221B50F3EF0037B994 /* MainViewController.swift */; };
		A00C4D251B50F4320037B994 /* MainItemView.xib in Resources */ = {isa = PBXBuildFile; fileRef = A00C4D241B50F4320037B994 /* MainItemView.xib */; };
		A00C4D271B50F4470037B994 /* MainItemView.swift in Sources */ = {isa = PBXBuildFile; fileRef = A00C4D261B50F4470037B994 /* MainItemView.swift */; };
		A0C941191B50F74E00833D17 /* 4.png in Resources */ = {isa = PBXBuildFile; fileRef = A0C941181B50F74E00833D17 /* 4.png */; };
		A0C941231B512A9000833D17 /* 3.png in Resources */ = {isa = PBXBuildFile; fileRef = A0C9411E1B512A9000833D17 /* 3.png */; };
		A0C941241B512A9000833D17 /* 2.png in Resources */ = {isa = PBXBuildFile; fileRef = A0C9411F1B512A9000833D17 /* 2.png */; };
		A0C941251B512A9000833D17 /* 1.png in Resources */ = {isa = PBXBuildFile; fileRef = A0C941201B512A9000833D17 /* 1.png */; };
		A0C941271B512A9000833D17 /* 0.png in Resources */ = {isa = PBXBuildFile; fileRef = A0C941221B512A9000833D17 /* 0.png */; };
		A0C941291B512D6900833D17 /* LessonViewController.swift in Sources */ = {isa = PBXBuildFile; fileRef = A0C941281B512D6900833D17 /* LessonViewController.swift */; };
		A0C9412B1B5132F300833D17 /* UIImageColors.swift in Sources */ = {isa = PBXBuildFile; fileRef = A0C9412A1B5132F300833D17 /* UIImageColors.swift */; };
		A0C9412E1B51379800833D17 /* FontAwesome.otf in Resources */ = {isa = PBXBuildFile; fileRef = A0C9412D1B51379800833D17 /* FontAwesome.otf */; };
		A0C941301B51777800833D17 /* UILabel.swift in Sources */ = {isa = PBXBuildFile; fileRef = A0C9412F1B51777800833D17 /* UILabel.swift */; };
		A0C941361B52796300833D17 /* ThumbnailCollectionViewCell.swift in Sources */ = {isa = PBXBuildFile; fileRef = A0C941351B52796300833D17 /* ThumbnailCollectionViewCell.swift */; };
		A0C941381B527C0000833D17 /* Lesson.swift in Sources */ = {isa = PBXBuildFile; fileRef = A0C941371B527C0000833D17 /* Lesson.swift */; };
		A0DF80571B5298A400FEAB2A /* GalleryViewController.swift in Sources */ = {isa = PBXBuildFile; fileRef = A0DF80561B5298A400FEAB2A /* GalleryViewController.swift */; };
		A0E03D6C1B50C747007A649F /* AppDelegate.swift in Sources */ = {isa = PBXBuildFile; fileRef = A0E03D6B1B50C747007A649F /* AppDelegate.swift */; };
		A0E03D711B50C747007A649F /* Main.storyboard in Resources */ = {isa = PBXBuildFile; fileRef = A0E03D6F1B50C747007A649F /* Main.storyboard */; };
		A0E03D731B50C747007A649F /* Images.xcassets in Resources */ = {isa = PBXBuildFile; fileRef = A0E03D721B50C747007A649F /* Images.xcassets */; };
		A0E03D761B50C747007A649F /* LaunchScreen.xib in Resources */ = {isa = PBXBuildFile; fileRef = A0E03D741B50C747007A649F /* LaunchScreen.xib */; };
		A0E03D821B50C747007A649F /* ArtHistoryTests.swift in Sources */ = {isa = PBXBuildFile; fileRef = A0E03D811B50C747007A649F /* ArtHistoryTests.swift */; };
/* End PBXBuildFile section */

/* Begin PBXContainerItemProxy section */
		A0E03D7C1B50C747007A649F /* PBXContainerItemProxy */ = {
			isa = PBXContainerItemProxy;
			containerPortal = A0E03D5E1B50C747007A649F /* Project object */;
			proxyType = 1;
			remoteGlobalIDString = A0E03D651B50C747007A649F;
			remoteInfo = ArtHistory;
		};
/* End PBXContainerItemProxy section */

/* Begin PBXFileReference section */
		1EFE6283B6373EB3D7F607BB /* Pods.debug.xcconfig */ = {isa = PBXFileReference; includeInIndex = 1; lastKnownFileType = text.xcconfig; name = Pods.debug.xcconfig; path = "Pods/Target Support Files/Pods/Pods.debug.xcconfig"; sourceTree = "<group>"; };
		A00C4D221B50F3EF0037B994 /* MainViewController.swift */ = {isa = PBXFileReference; fileEncoding = 4; lastKnownFileType = sourcecode.swift; path = MainViewController.swift; sourceTree = "<group>"; };
		A00C4D241B50F4320037B994 /* MainItemView.xib */ = {isa = PBXFileReference; fileEncoding = 4; lastKnownFileType = file.xib; path = MainItemView.xib; sourceTree = "<group>"; };
		A00C4D261B50F4470037B994 /* MainItemView.swift */ = {isa = PBXFileReference; fileEncoding = 4; lastKnownFileType = sourcecode.swift; path = MainItemView.swift; sourceTree = "<group>"; };
		A0C941181B50F74E00833D17 /* 4.png */ = {isa = PBXFileReference; lastKnownFileType = image.png; path = 4.png; sourceTree = "<group>"; };
		A0C9411E1B512A9000833D17 /* 3.png */ = {isa = PBXFileReference; lastKnownFileType = image.png; name = 3.png; path = ../3.png; sourceTree = "<group>"; };
		A0C9411F1B512A9000833D17 /* 2.png */ = {isa = PBXFileReference; lastKnownFileType = image.png; name = 2.png; path = ../2.png; sourceTree = "<group>"; };
		A0C941201B512A9000833D17 /* 1.png */ = {isa = PBXFileReference; lastKnownFileType = image.png; name = 1.png; path = ../1.png; sourceTree = "<group>"; };
		A0C941221B512A9000833D17 /* 0.png */ = {isa = PBXFileReference; lastKnownFileType = image.png; name = 0.png; path = ../0.png; sourceTree = "<group>"; };
		A0C941281B512D6900833D17 /* LessonViewController.swift */ = {isa = PBXFileReference; fileEncoding = 4; lastKnownFileType = sourcecode.swift; path = LessonViewController.swift; sourceTree = "<group>"; };
		A0C9412A1B5132F300833D17 /* UIImageColors.swift */ = {isa = PBXFileReference; fileEncoding = 4; lastKnownFileType = sourcecode.swift; path = UIImageColors.swift; sourceTree = "<group>"; };
		A0C9412D1B51379800833D17 /* FontAwesome.otf */ = {isa = PBXFileReference; lastKnownFileType = file; path = FontAwesome.otf; sourceTree = "<group>"; };
		A0C9412F1B51777800833D17 /* UILabel.swift */ = {isa = PBXFileReference; fileEncoding = 4; lastKnownFileType = sourcecode.swift; path = UILabel.swift; sourceTree = "<group>"; };
		A0C941351B52796300833D17 /* ThumbnailCollectionViewCell.swift */ = {isa = PBXFileReference; fileEncoding = 4; lastKnownFileType = sourcecode.swift; path = ThumbnailCollectionViewCell.swift; sourceTree = "<group>"; };
		A0C941371B527C0000833D17 /* Lesson.swift */ = {isa = PBXFileReference; fileEncoding = 4; lastKnownFileType = sourcecode.swift; path = Lesson.swift; sourceTree = "<group>"; };
		A0DF80561B5298A400FEAB2A /* GalleryViewController.swift */ = {isa = PBXFileReference; fileEncoding = 4; lastKnownFileType = sourcecode.swift; path = GalleryViewController.swift; sourceTree = "<group>"; };
		A0E03D661B50C747007A649F /* ArtHistory.app */ = {isa = PBXFileReference; explicitFileType = wrapper.application; includeInIndex = 0; path = ArtHistory.app; sourceTree = BUILT_PRODUCTS_DIR; };
		A0E03D6A1B50C747007A649F /* Info.plist */ = {isa = PBXFileReference; lastKnownFileType = text.plist.xml; path = Info.plist; sourceTree = "<group>"; };
		A0E03D6B1B50C747007A649F /* AppDelegate.swift */ = {isa = PBXFileReference; lastKnownFileType = sourcecode.swift; path = AppDelegate.swift; sourceTree = "<group>"; };
		A0E03D701B50C747007A649F /* Base */ = {isa = PBXFileReference; lastKnownFileType = file.storyboard; name = Base; path = Base.lproj/Main.storyboard; sourceTree = "<group>"; };
		A0E03D721B50C747007A649F /* Images.xcassets */ = {isa = PBXFileReference; lastKnownFileType = folder.assetcatalog; path = Images.xcassets; sourceTree = "<group>"; };
		A0E03D751B50C747007A649F /* Base */ = {isa = PBXFileReference; lastKnownFileType = file.xib; name = Base; path = Base.lproj/LaunchScreen.xib; sourceTree = "<group>"; };
		A0E03D7B1B50C747007A649F /* ArtHistoryTests.xctest */ = {isa = PBXFileReference; explicitFileType = wrapper.cfbundle; includeInIndex = 0; path = ArtHistoryTests.xctest; sourceTree = BUILT_PRODUCTS_DIR; };
		A0E03D801B50C747007A649F /* Info.plist */ = {isa = PBXFileReference; lastKnownFileType = text.plist.xml; path = Info.plist; sourceTree = "<group>"; };
		A0E03D811B50C747007A649F /* ArtHistoryTests.swift */ = {isa = PBXFileReference; lastKnownFileType = sourcecode.swift; path = ArtHistoryTests.swift; sourceTree = "<group>"; };
		B1340652FA01F3288846C5AA /* Pods.release.xcconfig */ = {isa = PBXFileReference; includeInIndex = 1; lastKnownFileType = text.xcconfig; name = Pods.release.xcconfig; path = "Pods/Target Support Files/Pods/Pods.release.xcconfig"; sourceTree = "<group>"; };
		C2C81D055EBB8BC4F70DBDBE /* Pods.framework */ = {isa = PBXFileReference; explicitFileType = wrapper.framework; includeInIndex = 0; path = Pods.framework; sourceTree = BUILT_PRODUCTS_DIR; };
/* End PBXFileReference section */

/* Begin PBXFrameworksBuildPhase section */
		A0E03D631B50C747007A649F /* Frameworks */ = {
			isa = PBXFrameworksBuildPhase;
			buildActionMask = 2147483647;
			files = (
				5D1AF3EDF199DB5A9E0CBA5D /* Pods.framework in Frameworks */,
			);
			runOnlyForDeploymentPostprocessing = 0;
		};
		A0E03D781B50C747007A649F /* Frameworks */ = {
			isa = PBXFrameworksBuildPhase;
			buildActionMask = 2147483647;
			files = (
			);
			runOnlyForDeploymentPostprocessing = 0;
		};
/* End PBXFrameworksBuildPhase section */

/* Begin PBXGroup section */
		301F551FB8C7E16BC5187C5C /* Frameworks */ = {
			isa = PBXGroup;
			children = (
				C2C81D055EBB8BC4F70DBDBE /* Pods.framework */,
			);
			name = Frameworks;
			sourceTree = "<group>";
		};
		568BC8E353ADFAF5A8140A48 /* Pods */ = {
			isa = PBXGroup;
			children = (
				1EFE6283B6373EB3D7F607BB /* Pods.debug.xcconfig */,
				B1340652FA01F3288846C5AA /* Pods.release.xcconfig */,
			);
			name = Pods;
			sourceTree = "<group>";
		};
		A00C4D1A1B50D9710037B994 /* Resources */ = {
			isa = PBXGroup;
			children = (
				A00C4D211B50F37F0037B994 /* Image */,
				A00C4D1B1B50D9990037B994 /* Font */,
			);
			name = Resources;
			path = ArtHistory/Resources;
			sourceTree = "<group>";
		};
		A00C4D1B1B50D9990037B994 /* Font */ = {
			isa = PBXGroup;
			children = (
				A0C9412D1B51379800833D17 /* FontAwesome.otf */,
			);
			path = Font;
			sourceTree = "<group>";
		};
		A00C4D211B50F37F0037B994 /* Image */ = {
			isa = PBXGroup;
			children = (
				A0C941181B50F74E00833D17 /* 4.png */,
				A0C9411E1B512A9000833D17 /* 3.png */,
				A0C9411F1B512A9000833D17 /* 2.png */,
				A0C941201B512A9000833D17 /* 1.png */,
				A0C941221B512A9000833D17 /* 0.png */,
			);
			path = Image;
			sourceTree = "<group>";
		};
		A0C9412C1B51330E00833D17 /* Extension */ = {
			isa = PBXGroup;
			children = (
				A0C9412A1B5132F300833D17 /* UIImageColors.swift */,
				A0C9412F1B51777800833D17 /* UILabel.swift */,
			);
			name = Extension;
			path = ArtHistory;
			sourceTree = "<group>";
		};
		A0E03D5D1B50C747007A649F = {
			isa = PBXGroup;
			children = (
				A0E03D681B50C747007A649F /* ArtHistory */,
				A0C9412C1B51330E00833D17 /* Extension */,
				A00C4D1A1B50D9710037B994 /* Resources */,
				A0E03D7E1B50C747007A649F /* ArtHistoryTests */,
				A0E03D671B50C747007A649F /* Products */,
				568BC8E353ADFAF5A8140A48 /* Pods */,
				301F551FB8C7E16BC5187C5C /* Frameworks */,
			);
			sourceTree = "<group>";
		};
		A0E03D671B50C747007A649F /* Products */ = {
			isa = PBXGroup;
			children = (
				A0E03D661B50C747007A649F /* ArtHistory.app */,
				A0E03D7B1B50C747007A649F /* ArtHistoryTests.xctest */,
			);
			name = Products;
			sourceTree = "<group>";
		};
		A0E03D681B50C747007A649F /* ArtHistory */ = {
			isa = PBXGroup;
			children = (
				A0C941371B527C0000833D17 /* Lesson.swift */,
				A00C4D261B50F4470037B994 /* MainItemView.swift */,
				A00C4D241B50F4320037B994 /* MainItemView.xib */,
				A0C941351B52796300833D17 /* ThumbnailCollectionViewCell.swift */,
				A00C4D221B50F3EF0037B994 /* MainViewController.swift */,
				A0C941281B512D6900833D17 /* LessonViewController.swift */,
				A0DF80561B5298A400FEAB2A /* GalleryViewController.swift */,
				A0E03D6F1B50C747007A649F /* Main.storyboard */,
				A0E03D721B50C747007A649F /* Images.xcassets */,
				A0E03D741B50C747007A649F /* LaunchScreen.xib */,
				A0E03D6B1B50C747007A649F /* AppDelegate.swift */,
				A0E03D691B50C747007A649F /* Supporting Files */,
			);
			path = ArtHistory;
			sourceTree = "<group>";
		};
		A0E03D691B50C747007A649F /* Supporting Files */ = {
			isa = PBXGroup;
			children = (
				A0E03D6A1B50C747007A649F /* Info.plist */,
			);
			name = "Supporting Files";
			sourceTree = "<group>";
		};
		A0E03D7E1B50C747007A649F /* ArtHistoryTests */ = {
			isa = PBXGroup;
			children = (
				A0E03D811B50C747007A649F /* ArtHistoryTests.swift */,
				A0E03D7F1B50C747007A649F /* Supporting Files */,
			);
			path = ArtHistoryTests;
			sourceTree = "<group>";
		};
		A0E03D7F1B50C747007A649F /* Supporting Files */ = {
			isa = PBXGroup;
			children = (
				A0E03D801B50C747007A649F /* Info.plist */,
			);
			name = "Supporting Files";
			sourceTree = "<group>";
		};
/* End PBXGroup section */

/* Begin PBXNativeTarget section */
		A0E03D651B50C747007A649F /* ArtHistory */ = {
			isa = PBXNativeTarget;
			buildConfigurationList = A0E03D851B50C747007A649F /* Build configuration list for PBXNativeTarget "ArtHistory" */;
			buildPhases = (
				105F5668D4F05D6167D96471 /* Check Pods Manifest.lock */,
				A0E03D621B50C747007A649F /* Sources */,
				A0E03D631B50C747007A649F /* Frameworks */,
				A0E03D641B50C747007A649F /* Resources */,
				955017394165FF90BCB2F0E7 /* Embed Pods Frameworks */,
				65DA626BFD868F2CB3BC68BC /* Copy Pods Resources */,
			);
			buildRules = (
			);
			dependencies = (
			);
			name = ArtHistory;
			productName = ArtHistory;
			productReference = A0E03D661B50C747007A649F /* ArtHistory.app */;
			productType = "com.apple.product-type.application";
		};
		A0E03D7A1B50C747007A649F /* ArtHistoryTests */ = {
			isa = PBXNativeTarget;
			buildConfigurationList = A0E03D881B50C747007A649F /* Build configuration list for PBXNativeTarget "ArtHistoryTests" */;
			buildPhases = (
				A0E03D771B50C747007A649F /* Sources */,
				A0E03D781B50C747007A649F /* Frameworks */,
				A0E03D791B50C747007A649F /* Resources */,
			);
			buildRules = (
			);
			dependencies = (
				A0E03D7D1B50C747007A649F /* PBXTargetDependency */,
			);
			name = ArtHistoryTests;
			productName = ArtHistoryTests;
			productReference = A0E03D7B1B50C747007A649F /* ArtHistoryTests.xctest */;
			productType = "com.apple.product-type.bundle.unit-test";
		};
/* End PBXNativeTarget section */

/* Begin PBXProject section */
		A0E03D5E1B50C747007A649F /* Project object */ = {
			isa = PBXProject;
			attributes = {
				LastUpgradeCheck = 0640;
				ORGANIZATIONNAME = "Nutchaphon Rewik";
				TargetAttributes = {
					A0E03D651B50C747007A649F = {
						CreatedOnToolsVersion = 6.4;
					};
					A0E03D7A1B50C747007A649F = {
						CreatedOnToolsVersion = 6.4;
						TestTargetID = A0E03D651B50C747007A649F;
					};
				};
			};
			buildConfigurationList = A0E03D611B50C747007A649F /* Build configuration list for PBXProject "ArtHistory" */;
			compatibilityVersion = "Xcode 3.2";
			developmentRegion = English;
			hasScannedForEncodings = 0;
			knownRegions = (
				en,
				Base,
			);
			mainGroup = A0E03D5D1B50C747007A649F;
			productRefGroup = A0E03D671B50C747007A649F /* Products */;
			projectDirPath = "";
			projectRoot = "";
			targets = (
				A0E03D651B50C747007A649F /* ArtHistory */,
				A0E03D7A1B50C747007A649F /* ArtHistoryTests */,
			);
		};
/* End PBXProject section */

/* Begin PBXResourcesBuildPhase section */
		A0E03D641B50C747007A649F /* Resources */ = {
			isa = PBXResourcesBuildPhase;
			buildActionMask = 2147483647;
			files = (
				A0C941271B512A9000833D17 /* 0.png in Resources */,
				A0C9412E1B51379800833D17 /* FontAwesome.otf in Resources */,
				A0C941191B50F74E00833D17 /* 4.png in Resources */,
				A00C4D251B50F4320037B994 /* MainItemView.xib in Resources */,
				A0E03D711B50C747007A649F /* Main.storyboard in Resources */,
				A0C941251B512A9000833D17 /* 1.png in Resources */,
				A0C941241B512A9000833D17 /* 2.png in Resources */,
				A0C941231B512A9000833D17 /* 3.png in Resources */,
				A0E03D761B50C747007A649F /* LaunchScreen.xib in Resources */,
				A0E03D731B50C747007A649F /* Images.xcassets in Resources */,
			);
			runOnlyForDeploymentPostprocessing = 0;
		};
		A0E03D791B50C747007A649F /* Resources */ = {
			isa = PBXResourcesBuildPhase;
			buildActionMask = 2147483647;
			files = (
			);
			runOnlyForDeploymentPostprocessing = 0;
		};
/* End PBXResourcesBuildPhase section */

/* Begin PBXShellScriptBuildPhase section */
		105F5668D4F05D6167D96471 /* Check Pods Manifest.lock */ = {
			isa = PBXShellScriptBuildPhase;
			buildActionMask = 2147483647;
			files = (
			);
			inputPaths = (
			);
			name = "Check Pods Manifest.lock";
			outputPaths = (
			);
			runOnlyForDeploymentPostprocessing = 0;
			shellPath = /bin/sh;
			shellScript = "diff \"${PODS_ROOT}/../Podfile.lock\" \"${PODS_ROOT}/Manifest.lock\" > /dev/null\nif [[ $? != 0 ]] ; then\n    cat << EOM\nerror: The sandbox is not in sync with the Podfile.lock. Run 'pod install' or update your CocoaPods installation.\nEOM\n    exit 1\nfi\n";
			showEnvVarsInLog = 0;
		};
		65DA626BFD868F2CB3BC68BC /* Copy Pods Resources */ = {
			isa = PBXShellScriptBuildPhase;
			buildActionMask = 2147483647;
			files = (
			);
			inputPaths = (
			);
			name = "Copy Pods Resources";
			outputPaths = (
			);
			runOnlyForDeploymentPostprocessing = 0;
			shellPath = /bin/sh;
			shellScript = "\"${SRCROOT}/Pods/Target Support Files/Pods/Pods-resources.sh\"\n";
			showEnvVarsInLog = 0;
		};
		955017394165FF90BCB2F0E7 /* Embed Pods Frameworks */ = {
			isa = PBXShellScriptBuildPhase;
			buildActionMask = 2147483647;
			files = (
			);
			inputPaths = (
			);
			name = "Embed Pods Frameworks";
			outputPaths = (
			);
			runOnlyForDeploymentPostprocessing = 0;
			shellPath = /bin/sh;
			shellScript = "\"${SRCROOT}/Pods/Target Support Files/Pods/Pods-frameworks.sh\"\n";
			showEnvVarsInLog = 0;
		};
/* End PBXShellScriptBuildPhase section */

/* Begin PBXSourcesBuildPhase section */
		A0E03D621B50C747007A649F /* Sources */ = {
			isa = PBXSourcesBuildPhase;
			buildActionMask = 2147483647;
			files = (
				A00C4D231B50F3EF0037B994 /* MainViewController.swift in Sources */,
				A0C941361B52796300833D17 /* ThumbnailCollectionViewCell.swift in Sources */,
				A0E03D6C1B50C747007A649F /* AppDelegate.swift in Sources */,
				A0C941381B527C0000833D17 /* Lesson.swift in Sources */,
				A00C4D271B50F4470037B994 /* MainItemView.swift in Sources */,
				A0C9412B1B5132F300833D17 /* UIImageColors.swift in Sources */,
				A0DF80571B5298A400FEAB2A /* GalleryViewController.swift in Sources */,
				A0C941301B51777800833D17 /* UILabel.swift in Sources */,
				A0C941291B512D6900833D17 /* LessonViewController.swift in Sources */,
			);
			runOnlyForDeploymentPostprocessing = 0;
		};
		A0E03D771B50C747007A649F /* Sources */ = {
			isa = PBXSourcesBuildPhase;
			buildActionMask = 2147483647;
			files = (
				A0E03D821B50C747007A649F /* ArtHistoryTests.swift in Sources */,
			);
			runOnlyForDeploymentPostprocessing = 0;
		};
/* End PBXSourcesBuildPhase section */

/* Begin PBXTargetDependency section */
		A0E03D7D1B50C747007A649F /* PBXTargetDependency */ = {
			isa = PBXTargetDependency;
			target = A0E03D651B50C747007A649F /* ArtHistory */;
			targetProxy = A0E03D7C1B50C747007A649F /* PBXContainerItemProxy */;
		};
/* End PBXTargetDependency section */

/* Begin PBXVariantGroup section */
		A0E03D6F1B50C747007A649F /* Main.storyboard */ = {
			isa = PBXVariantGroup;
			children = (
				A0E03D701B50C747007A649F /* Base */,
			);
			name = Main.storyboard;
			sourceTree = "<group>";
		};
		A0E03D741B50C747007A649F /* LaunchScreen.xib */ = {
			isa = PBXVariantGroup;
			children = (
				A0E03D751B50C747007A649F /* Base */,
			);
			name = LaunchScreen.xib;
			sourceTree = "<group>";
		};
/* End PBXVariantGroup section */

/* Begin XCBuildConfiguration section */
		A0E03D831B50C747007A649F /* Debug */ = {
			isa = XCBuildConfiguration;
			buildSettings = {
				ALWAYS_SEARCH_USER_PATHS = NO;
				CLANG_CXX_LANGUAGE_STANDARD = "gnu++0x";
				CLANG_CXX_LIBRARY = "libc++";
				CLANG_ENABLE_MODULES = YES;
				CLANG_ENABLE_OBJC_ARC = YES;
				CLANG_WARN_BOOL_CONVERSION = YES;
				CLANG_WARN_CONSTANT_CONVERSION = YES;
				CLANG_WARN_DIRECT_OBJC_ISA_USAGE = YES_ERROR;
				CLANG_WARN_EMPTY_BODY = YES;
				CLANG_WARN_ENUM_CONVERSION = YES;
				CLANG_WARN_INT_CONVERSION = YES;
				CLANG_WARN_OBJC_ROOT_CLASS = YES_ERROR;
				CLANG_WARN_UNREACHABLE_CODE = YES;
				CLANG_WARN__DUPLICATE_METHOD_MATCH = YES;
				"CODE_SIGN_IDENTITY[sdk=iphoneos*]" = "iPhone Developer";
				COPY_PHASE_STRIP = NO;
				DEBUG_INFORMATION_FORMAT = "dwarf-with-dsym";
				ENABLE_STRICT_OBJC_MSGSEND = YES;
				GCC_C_LANGUAGE_STANDARD = gnu99;
				GCC_DYNAMIC_NO_PIC = NO;
				GCC_NO_COMMON_BLOCKS = YES;
				GCC_OPTIMIZATION_LEVEL = 0;
				GCC_PREPROCESSOR_DEFINITIONS = (
					"DEBUG=1",
					"$(inherited)",
				);
				GCC_SYMBOLS_PRIVATE_EXTERN = NO;
				GCC_WARN_64_TO_32_BIT_CONVERSION = YES;
				GCC_WARN_ABOUT_RETURN_TYPE = YES_ERROR;
				GCC_WARN_UNDECLARED_SELECTOR = YES;
				GCC_WARN_UNINITIALIZED_AUTOS = YES_AGGRESSIVE;
				GCC_WARN_UNUSED_FUNCTION = YES;
				GCC_WARN_UNUSED_VARIABLE = YES;
				IPHONEOS_DEPLOYMENT_TARGET = 8.4;
				MTL_ENABLE_DEBUG_INFO = YES;
				ONLY_ACTIVE_ARCH = YES;
				SDKROOT = iphoneos;
				SWIFT_OPTIMIZATION_LEVEL = "-Onone";
			};
			name = Debug;
		};
		A0E03D841B50C747007A649F /* Release */ = {
			isa = XCBuildConfiguration;
			buildSettings = {
				ALWAYS_SEARCH_USER_PATHS = NO;
				CLANG_CXX_LANGUAGE_STANDARD = "gnu++0x";
				CLANG_CXX_LIBRARY = "libc++";
				CLANG_ENABLE_MODULES = YES;
				CLANG_ENABLE_OBJC_ARC = YES;
				CLANG_WARN_BOOL_CONVERSION = YES;
				CLANG_WARN_CONSTANT_CONVERSION = YES;
				CLANG_WARN_DIRECT_OBJC_ISA_USAGE = YES_ERROR;
				CLANG_WARN_EMPTY_BODY = YES;
				CLANG_WARN_ENUM_CONVERSION = YES;
				CLANG_WARN_INT_CONVERSION = YES;
				CLANG_WARN_OBJC_ROOT_CLASS = YES_ERROR;
				CLANG_WARN_UNREACHABLE_CODE = YES;
				CLANG_WARN__DUPLICATE_METHOD_MATCH = YES;
				"CODE_SIGN_IDENTITY[sdk=iphoneos*]" = "iPhone Developer";
				COPY_PHASE_STRIP = NO;
				DEBUG_INFORMATION_FORMAT = "dwarf-with-dsym";
				ENABLE_NS_ASSERTIONS = NO;
				ENABLE_STRICT_OBJC_MSGSEND = YES;
				GCC_C_LANGUAGE_STANDARD = gnu99;
				GCC_NO_COMMON_BLOCKS = YES;
				GCC_WARN_64_TO_32_BIT_CONVERSION = YES;
				GCC_WARN_ABOUT_RETURN_TYPE = YES_ERROR;
				GCC_WARN_UNDECLARED_SELECTOR = YES;
				GCC_WARN_UNINITIALIZED_AUTOS = YES_AGGRESSIVE;
				GCC_WARN_UNUSED_FUNCTION = YES;
				GCC_WARN_UNUSED_VARIABLE = YES;
				IPHONEOS_DEPLOYMENT_TARGET = 8.4;
				MTL_ENABLE_DEBUG_INFO = NO;
				SDKROOT = iphoneos;
				VALIDATE_PRODUCT = YES;
			};
			name = Release;
		};
		A0E03D861B50C747007A649F /* Debug */ = {
			isa = XCBuildConfiguration;
			baseConfigurationReference = 1EFE6283B6373EB3D7F607BB /* Pods.debug.xcconfig */;
			buildSettings = {
				ASSETCATALOG_COMPILER_APPICON_NAME = AppIcon;
				INFOPLIST_FILE = ArtHistory/Info.plist;
				IPHONEOS_DEPLOYMENT_TARGET = 8.0;
				LD_RUNPATH_SEARCH_PATHS = "$(inherited) @executable_path/Frameworks";
				OTHER_LDFLAGS = (
					"$(inherited)",
					"-ObjC",
				);
				PRODUCT_NAME = "$(TARGET_NAME)";
			};
			name = Debug;
		};
		A0E03D871B50C747007A649F /* Release */ = {
			isa = XCBuildConfiguration;
			baseConfigurationReference = B1340652FA01F3288846C5AA /* Pods.release.xcconfig */;
			buildSettings = {
				ASSETCATALOG_COMPILER_APPICON_NAME = AppIcon;
				INFOPLIST_FILE = ArtHistory/Info.plist;
				IPHONEOS_DEPLOYMENT_TARGET = 8.0;
				LD_RUNPATH_SEARCH_PATHS = "$(inherited) @executable_path/Frameworks";
				OTHER_LDFLAGS = (
					"$(inherited)",
					"-ObjC",
				);
				PRODUCT_NAME = "$(TARGET_NAME)";
			};
			name = Release;
		};
		A0E03D891B50C747007A649F /* Debug */ = {
			isa = XCBuildConfiguration;
			buildSettings = {
				BUNDLE_LOADER = "$(TEST_HOST)";
				FRAMEWORK_SEARCH_PATHS = (
					"$(SDKROOT)/Developer/Library/Frameworks",
					"$(inherited)",
				);
				GCC_PREPROCESSOR_DEFINITIONS = (
					"DEBUG=1",
					"$(inherited)",
				);
				INFOPLIST_FILE = ArtHistoryTests/Info.plist;
				LD_RUNPATH_SEARCH_PATHS = "$(inherited) @executable_path/Frameworks @loader_path/Frameworks";
				PRODUCT_NAME = "$(TARGET_NAME)";
				TEST_HOST = "$(BUILT_PRODUCTS_DIR)/ArtHistory.app/ArtHistory";
			};
			name = Debug;
		};
		A0E03D8A1B50C747007A649F /* Release */ = {
			isa = XCBuildConfiguration;
			buildSettings = {
				BUNDLE_LOADER = "$(TEST_HOST)";
				FRAMEWORK_SEARCH_PATHS = (
					"$(SDKROOT)/Developer/Library/Frameworks",
					"$(inherited)",
				);
				INFOPLIST_FILE = ArtHistoryTests/Info.plist;
				LD_RUNPATH_SEARCH_PATHS = "$(inherited) @executable_path/Frameworks @loader_path/Frameworks";
				PRODUCT_NAME = "$(TARGET_NAME)";
				TEST_HOST = "$(BUILT_PRODUCTS_DIR)/ArtHistory.app/ArtHistory";
			};
			name = Release;
		};
/* End XCBuildConfiguration section */

/* Begin XCConfigurationList section */
		A0E03D611B50C747007A649F /* Build configuration list for PBXProject "ArtHistory" */ = {
			isa = XCConfigurationList;
			buildConfigurations = (
				A0E03D831B50C747007A649F /* Debug */,
				A0E03D841B50C747007A649F /* Release */,
			);
			defaultConfigurationIsVisible = 0;
			defaultConfigurationName = Release;
		};
		A0E03D851B50C747007A649F /* Build configuration list for PBXNativeTarget "ArtHistory" */ = {
			isa = XCConfigurationList;
			buildConfigurations = (
				A0E03D861B50C747007A649F /* Debug */,
				A0E03D871B50C747007A649F /* Release */,
			);
			defaultConfigurationIsVisible = 0;
			defaultConfigurationName = Release;
		};
		A0E03D881B50C747007A649F /* Build configuration list for PBXNativeTarget "ArtHistoryTests" */ = {
			isa = XCConfigurationList;
			buildConfigurations = (
				A0E03D891B50C747007A649F /* Debug */,
				A0E03D8A1B50C747007A649F /* Release */,
			);
			defaultConfigurationIsVisible = 0;
			defaultConfigurationName = Release;
		};
/* End XCConfigurationList section */
	};
	rootObject = A0E03D5E1B50C747007A649F /* Project object */;
}
